dependencies:
- name: airflow
  repository: file://../../cas-airflow-upstream/chart
  version: 1.0.0
- name: cas-postgres
  repository: https://bcgov.github.io/cas-postgres/
  version: 0.7.6
digest: sha256:da576c5ad05f14ec6cf7c579753bd842c404f9f8505ae6560bc32f063eab9934
generated: "2021-01-15T13:17:14.205859566-08:00"
