dependencies:
- name: airflow
  repository: https://airflow.apache.org/
  version: 1.9.0
- name: cas-postgres
  repository: https://bcgov.github.io/cas-postgres/
  version: 0.8.3
digest: sha256:1171bb33092c62942a92d8fa0872bc5bbff60fbf09a7008ff1637b95a3b9815d
generated: "2023-05-19T09:11:24.041062011-07:00"
